
Microsoft Visual Studio Solution File, Format Version 12.00
# Visual Studio Version 17
VisualStudioVersion = 17.14.37301.10
MinimumVisualStudioVersion = 10.0.40219.1
Project("{FAE04EC0-301F-11D3-BF4B-00C04F79EFBC}") = "API", "API\API.csproj", "{878A7BCB-C6FC-4FAA-BF5A-9C9144D7F7A2}"
EndProject
Project("{FAE04EC0-301F-11D3-BF4B-00C04F79EFBC}") = "Application", "Application\Application.csproj", "{1940DDE0-543F-4334-888D-E1231B9BAAAD}"
EndProject
Project("{FAE04EC0-301F-11D3-BF4B-00C04F79EFBC}") = "Domain", "Domain\Domain.csproj", "{E7468852-B2F1-4860-82F8-DD0480CDB730}"
EndProject
Project("{FAE04EC0-301F-11D3-BF4B-00C04F79EFBC}") = "Infrastructure", "Infrastructure\Infrastructure.csproj", "{615399A5-B354-4EFC-B1FD-12960C673373}"
EndProject
Project("{FAE04EC0-301F-11D3-BF4B-00C04F79EFBC}") = "API.Tests", "API.Tests\API.Tests.csproj", "{E1FF79CE-B460-4DA9-A578-6FEF42BC1926}"
EndProject
Project("{2150E333-8FDC-42A3-9474-1A3956D46DE8}") = "Solution Items", "Solution Items", "{8EC462FD-D22E-90A8-E5CE-7E832BA40C5D}"
	ProjectSection(SolutionItems) = preProject
		docker-compose.yml = docker-compose.yml
		Dockerfile = Dockerfile
		README.md = README.md
	EndProjectSection
EndProject
Global
	GlobalSection(SolutionConfigurationPlatforms) = preSolution
		Debug|Any CPU = Debug|Any CPU
		Release|Any CPU = Release|Any CPU
	EndGlobalSection
	GlobalSection(ProjectConfigurationPlatforms) = postSolution
		{878A7BCB-C6FC-4FAA-BF5A-9C9144D7F7A2}.Debug|Any CPU.ActiveCfg = Debug|Any CPU
		{878A7BCB-C6FC-4FAA-BF5A-9C9144D7F7A2}.Debug|Any CPU.Build.0 = Debug|Any CPU
		{878A7BCB-C6FC-4FAA-BF5A-9C9144D7F7A2}.Release|Any CPU.ActiveCfg = Release|Any CPU
		{878A7BCB-C6FC-4FAA-BF5A-9C9144D7F7A2}.Release|Any CPU.Build.0 = Release|Any CPU
		{1940DDE0-543F-4334-888D-E1231B9BAAAD}.Debug|Any CPU.ActiveCfg = Debug|Any CPU
		{1940DDE0-543F-4334-888D-E1231B9BAAAD}.Debug|Any CPU.Build.0 = Debug|Any CPU
		{1940DDE0-543F-4334-888D-E1231B9BAAAD}.Release|Any CPU.ActiveCfg = Release|Any CPU
		{1940DDE0-543F-4334-888D-E1231B9BAAAD}.Release|Any CPU.Build.0 = Release|Any CPU
		{E7468852-B2F1-4860-82F8-DD0480CDB730}.Debug|Any CPU.ActiveCfg = Debug|Any CPU
		{E7468852-B2F1-4860-82F8-DD0480CDB730}.Debug|Any CPU.Build.0 = Debug|Any CPU
		{E7468852-B2F1-4860-82F8-DD0480CDB730}.Release|Any CPU.ActiveCfg = Release|Any CPU
		{E7468852-B2F1-4860-82F8-DD0480CDB730}.Release|Any CPU.Build.0 = Release|Any CPU
		{615399A5-B354-4EFC-B1FD-12960C673373}.Debug|Any CPU.ActiveCfg = Debug|Any CPU
		{615399A5-B354-4EFC-B1FD-12960C673373}.Debug|Any CPU.Build.0 = Debug|Any CPU
		{615399A5-B354-4EFC-B1FD-12960C673373}.Release|Any CPU.ActiveCfg = Release|Any CPU
		{615399A5-B354-4EFC-B1FD-12960C673373}.Release|Any CPU.Build.0 = Release|Any CPU
		{E1FF79CE-B460-4DA9-A578-6FEF42BC1926}.Debug|Any CPU.ActiveCfg = Debug|Any CPU
		{E1FF79CE-B460-4DA9-A578-6FEF42BC1926}.Debug|Any CPU.Build.0 = Debug|Any CPU
		{E1FF79CE-B460-4DA9-A578-6FEF42BC1926}.Release|Any CPU.ActiveCfg = Release|Any CPU
		{E1FF79CE-B460-4DA9-A578-6FEF42BC1926}.Release|Any CPU.Build.0 = Release|Any CPU
	EndGlobalSection
	GlobalSection(SolutionProperties) = preSolution
		HideSolutionNode = FALSE
	EndGlobalSection
	GlobalSection(ExtensibilityGlobals) = postSolution
		SolutionGuid = {AE08CD66-1A0C-41D2-AA00-B9E799AFBFEE}
	EndGlobalSection
EndGlobal
